
Microsoft Visual Studio Solution File, Format Version 12.00
# Visual Studio Version 16
VisualStudioVersion = 16.0.29020.237
MinimumVisualStudioVersion = 10.0.40219.1
Project("{FAE04EC0-301F-11D3-BF4B-00C04F79EFBC}") = "Restaurant Management", "Restaurant Management\Restaurant Management.csproj", "{31A0AAA9-216C-429B-B2AF-62DB33EE62D0}"
EndProject
Global
	GlobalSection(SolutionConfigurationPlatforms) = preSolution
		Debug|Any CPU = Debug|Any CPU
		Release|Any CPU = Release|Any CPU
	EndGlobalSection
	GlobalSection(ProjectConfigurationPlatforms) = postSolution
		{31A0AAA9-216C-429B-B2AF-62DB33EE62D0}.Debug|Any CPU.ActiveCfg = Debug|Any CPU
		{31A0AAA9-216C-429B-B2AF-62DB33EE62D0}.Debug|Any CPU.Build.0 = Debug|Any CPU
		{31A0AAA9-216C-429B-B2AF-62DB33EE62D0}.Release|Any CPU.ActiveCfg = Release|Any CPU
		{31A0AAA9-216C-429B-B2AF-62DB33EE62D0}.Release|Any CPU.Build.0 = Release|Any CPU
	EndGlobalSection
	GlobalSection(SolutionProperties) = preSolution
		HideSolutionNode = FALSE
	EndGlobalSection
	GlobalSection(ExtensibilityGlobals) = postSolution
		SolutionGuid = {11055907-893D-41B5-B730-549253A65D34}
	EndGlobalSection
EndGlobal
